
Microsoft Visual Studio Solution File, Format Version 12.00
# Visual Studio Version 17
VisualStudioVersion = 17.4.33122.133
MinimumVisualStudioVersion = 10.0.40219.1
Project("{FAE04EC0-301F-11D3-BF4B-00C04F79EFBC}") = "CSHarp task 1", "CSHarp task 1\CSHarp task 1.csproj", "{238D8BEC-0D9D-4F6D-AF87-018206227562}"
EndProject
Global
	GlobalSection(SolutionConfigurationPlatforms) = preSolution
		Debug|Any CPU = Debug|Any CPU
		Release|Any CPU = Release|Any CPU
	EndGlobalSection
	GlobalSection(ProjectConfigurationPlatforms) = postSolution
		{238D8BEC-0D9D-4F6D-AF87-018206227562}.Debug|Any CPU.ActiveCfg = Debug|Any CPU
		{238D8BEC-0D9D-4F6D-AF87-018206227562}.Debug|Any CPU.Build.0 = Debug|Any CPU
		{238D8BEC-0D9D-4F6D-AF87-018206227562}.Release|Any CPU.ActiveCfg = Release|Any CPU
		{238D8BEC-0D9D-4F6D-AF87-018206227562}.Release|Any CPU.Build.0 = Release|Any CPU
	EndGlobalSection
	GlobalSection(SolutionProperties) = preSolution
		HideSolutionNode = FALSE
	EndGlobalSection
	GlobalSection(ExtensibilityGlobals) = postSolution
		SolutionGuid = {B151E777-1293-4D44-AA34-F1432FA6B888}
	EndGlobalSection
EndGlobal
